// !$*UTF8*$!
{
	archiveVersion = 1;
	classes = {
	};
	objectVersion = 46;
	objects = {

/* Begin PBXBuildFile section */
		316CB78C148ABC9A0061F45E /* Cocoa.framework in Frameworks */ = {isa = PBXBuildFile; fileRef = 316CB78B148ABC9A0061F45E /* Cocoa.framework */; };
		316CB796148ABC9A0061F45E /* InfoPlist.strings in Resources */ = {isa = PBXBuildFile; fileRef = 316CB794148ABC9A0061F45E /* InfoPlist.strings */; };
		316CB798148ABC9A0061F45E /* main.m in Sources */ = {isa = PBXBuildFile; fileRef = 316CB797148ABC9A0061F45E /* main.m */; };
		316CB79C148ABC9A0061F45E /* Credits.rtf in Resources */ = {isa = PBXBuildFile; fileRef = 316CB79A148ABC9A0061F45E /* Credits.rtf */; };
		316CB79F148ABC9A0061F45E /* AppDelegate.m in Sources */ = {isa = PBXBuildFile; fileRef = 316CB79E148ABC9A0061F45E /* AppDelegate.m */; };
		316CB7A2148ABC9A0061F45E /* MainMenu.xib in Resources */ = {isa = PBXBuildFile; fileRef = 316CB7A0148ABC9A0061F45E /* MainMenu.xib */; };
/* End PBXBuildFile section */

/* Begin PBXFileReference section */
		316CB787148ABC9A0061F45E /* FlyingIconsShell.app */ = {isa = PBXFileReference; explicitFileType = wrapper.application; includeInIndex = 0; path = FlyingIconsShell.app; sourceTree = BUILT_PRODUCTS_DIR; };
		316CB78B148ABC9A0061F45E /* Cocoa.framework */ = {isa = PBXFileReference; lastKnownFileType = wrapper.framework; name = Cocoa.framework; path = System/Library/Frameworks/Cocoa.framework; sourceTree = SDKROOT; };
		316CB78E148ABC9A0061F45E /* AppKit.framework */ = {isa = PBXFileReference; lastKnownFileType = wrapper.framework; name = AppKit.framework; path = System/Library/Frameworks/AppKit.framework; sourceTree = SDKROOT; };
		316CB78F148ABC9A0061F45E /* CoreData.framework */ = {isa = PBXFileReference; lastKnownFileType = wrapper.framework; name = CoreData.framework; path = System/Library/Frameworks/CoreData.framework; sourceTree = SDKROOT; };
		316CB790148ABC9A0061F45E /* Foundation.framework */ = {isa = PBXFileReference; lastKnownFileType = wrapper.framework; name = Foundation.framework; path = System/Library/Frameworks/Foundation.framework; sourceTree = SDKROOT; };
		316CB793148ABC9A0061F45E /* FlyingIconsShell-Info.plist */ = {isa = PBXFileReference; path = "FlyingIconsShell-Info.plist"; sourceTree = "<group>"; };
		316CB795148ABC9A0061F45E /* en */ = {isa = PBXFileReference; lastKnownFileType = text.plist.strings; name = en; path = en.lproj/InfoPlist.strings; sourceTree = "<group>"; };
		316CB797148ABC9A0061F45E /* main.m */ = {isa = PBXFileReference; lastKnownFileType = sourcecode.c.objc; path = main.m; sourceTree = "<group>"; };
		316CB799148ABC9A0061F45E /* FlyingIconsShell-Prefix.pch */ = {isa = PBXFileReference; path = "FlyingIconsShell-Prefix.pch"; sourceTree = "<group>"; };
		316CB79B148ABC9A0061F45E /* en */ = {isa = PBXFileReference; lastKnownFileType = text.rtf; name = en; path = en.lproj/Credits.rtf; sourceTree = "<group>"; };
		316CB79D148ABC9A0061F45E /* AppDelegate.h */ = {isa = PBXFileReference; path = AppDelegate.h; sourceTree = "<group>"; };
		316CB79E148ABC9A0061F45E /* AppDelegate.m */ = {isa = PBXFileReference; lastKnownFileType = sourcecode.c.objc; path = AppDelegate.m; sourceTree = "<group>"; };
		316CB7A1148ABC9A0061F45E /* en */ = {isa = PBXFileReference; lastKnownFileType = file.xib; name = en; path = en.lproj/MainMenu.xib; sourceTree = "<group>"; };
/* End PBXFileReference section */

/* Begin PBXFrameworksBuildPhase section */
		316CB784148ABC9A0061F45E /* Frameworks */ = {
			isa = PBXFrameworksBuildPhase;
			buildActionMask = 2147483647;
			files = (
				316CB78C148ABC9A0061F45E /* Cocoa.framework in Frameworks */,
			);
			runOnlyForDeploymentPostprocessing = 0;
		};
/* End PBXFrameworksBuildPhase section */

/* Begin PBXGroup section */
		316CB77C148ABC990061F45E = {
			isa = PBXGroup;
			children = (
				316CB791148ABC9A0061F45E /* FlyingIconsShell */,
				316CB78A148ABC9A0061F45E /* Frameworks */,
				316CB788148ABC9A0061F45E /* Products */,
			);
			sourceTree = "<group>";
		};
		316CB788148ABC9A0061F45E /* Products */ = {
			isa = PBXGroup;
			children = (
				316CB787148ABC9A0061F45E /* FlyingIconsShell.app */,
			);
			name = Products;
			sourceTree = "<group>";
		};
		316CB78A148ABC9A0061F45E /* Frameworks */ = {
			isa = PBXGroup;
			children = (
				316CB78B148ABC9A0061F45E /* Cocoa.framework */,
				316CB78D148ABC9A0061F45E /* Other Frameworks */,
			);
			name = Frameworks;
			sourceTree = "<group>";
		};
		316CB78D148ABC9A0061F45E /* Other Frameworks */ = {
			isa = PBXGroup;
			children = (
				316CB78E148ABC9A0061F45E /* AppKit.framework */,
				316CB78F148ABC9A0061F45E /* CoreData.framework */,
				316CB790148ABC9A0061F45E /* Foundation.framework */,
			);
			name = "Other Frameworks";
			sourceTree = "<group>";
		};
		316CB791148ABC9A0061F45E /* FlyingIconsShell */ = {
			isa = PBXGroup;
			children = (
				316CB79D148ABC9A0061F45E /* AppDelegate.h */,
				316CB79E148ABC9A0061F45E /* AppDelegate.m */,
				316CB7A0148ABC9A0061F45E /* MainMenu.xib */,
				316CB792148ABC9A0061F45E /* Supporting Files */,
			);
			path = FlyingIconsShell;
			sourceTree = "<group>";
		};
		316CB792148ABC9A0061F45E /* Supporting Files */ = {
			isa = PBXGroup;
			children = (
				316CB793148ABC9A0061F45E /* FlyingIconsShell-Info.plist */,
				316CB794148ABC9A0061F45E /* InfoPlist.strings */,
				316CB797148ABC9A0061F45E /* main.m */,
				316CB799148ABC9A0061F45E /* FlyingIconsShell-Prefix.pch */,
				316CB79A148ABC9A0061F45E /* Credits.rtf */,
			);
			name = "Supporting Files";
			sourceTree = "<group>";
		};
/* End PBXGroup section */

/* Begin PBXNativeTarget section */
		316CB786148ABC9A0061F45E /* FlyingIconsShell */ = {
			isa = PBXNativeTarget;
			buildConfigurationList = 316CB7A5148ABC9A0061F45E /* Build configuration list for PBXNativeTarget "FlyingIconsShell" */;
			buildPhases = (
				316CB783148ABC9A0061F45E /* Sources */,
				316CB784148ABC9A0061F45E /* Frameworks */,
				316CB785148ABC9A0061F45E /* Resources */,
			);
			buildRules = (
			);
			dependencies = (
			);
			name = FlyingIconsShell;
			productName = FlyingIconsShell;
			productReference = 316CB787148ABC9A0061F45E /* FlyingIconsShell.app */;
			productType = "com.apple.product-type.application";
		};
/* End PBXNativeTarget section */

/* Begin PBXProject section */
		316CB77E148ABC990061F45E /* Project object */ = {
			isa = PBXProject;
			attributes = {
				LastUpgradeCheck = 0420;
				ORGANIZATIONNAME = "Consonance Software";
			};
			buildConfigurationList = 316CB781148ABC990061F45E /* Build configuration list for PBXProject "FlyingIconsShell" */;
			compatibilityVersion = "Xcode 3.2";
			developmentRegion = English;
			hasScannedForEncodings = 0;
			knownRegions = (
				en,
			);
			mainGroup = 316CB77C148ABC990061F45E;
			productRefGroup = 316CB788148ABC9A0061F45E /* Products */;
			projectDirPath = "";
			projectRoot = "";
			targets = (
				316CB786148ABC9A0061F45E /* FlyingIconsShell */,
			);
		};
/* End PBXProject section */

/* Begin PBXResourcesBuildPhase section */
		316CB785148ABC9A0061F45E /* Resources */ = {
			isa = PBXResourcesBuildPhase;
			buildActionMask = 2147483647;
			files = (
				316CB796148ABC9A0061F45E /* InfoPlist.strings in Resources */,
				316CB79C148ABC9A0061F45E /* Credits.rtf in Resources */,
				316CB7A2148ABC9A0061F45E /* MainMenu.xib in Resources */,
			);
			runOnlyForDeploymentPostprocessing = 0;
		};
/* End PBXResourcesBuildPhase section */

/* Begin PBXSourcesBuildPhase section */
		316CB783148ABC9A0061F45E /* Sources */ = {
			isa = PBXSourcesBuildPhase;
			buildActionMask = 2147483647;
			files = (
				316CB798148ABC9A0061F45E /* main.m in Sources */,
				316CB79F148ABC9A0061F45E /* AppDelegate.m in Sources */,
			);
			runOnlyForDeploymentPostprocessing = 0;
		};
/* End PBXSourcesBuildPhase section */

/* Begin PBXVariantGroup section */
		316CB794148ABC9A0061F45E /* InfoPlist.strings */ = {
			isa = PBXVariantGroup;
			children = (
				316CB795148ABC9A0061F45E /* en */,
			);
			name = InfoPlist.strings;
			sourceTree = "<group>";
		};
		316CB79A148ABC9A0061F45E /* Credits.rtf */ = {
			isa = PBXVariantGroup;
			children = (
				316CB79B148ABC9A0061F45E /* en */,
			);
			name = Credits.rtf;
			sourceTree = "<group>";
		};
		316CB7A0148ABC9A0061F45E /* MainMenu.xib */ = {
			isa = PBXVariantGroup;
			children = (
				316CB7A1148ABC9A0061F45E /* en */,
			);
			name = MainMenu.xib;
			sourceTree = "<group>";
		};
/* End PBXVariantGroup section */

/* Begin XCBuildConfiguration section */
		316CB7A3148ABC9A0061F45E /* Debug */ = {
			isa = XCBuildConfiguration;
			buildSettings = {
				ALWAYS_SEARCH_USER_PATHS = NO;
				ARCHS = "$(ARCHS_STANDARD_64_BIT)";
				COPY_PHASE_STRIP = NO;
				GCC_C_LANGUAGE_STANDARD = gnu99;
				GCC_DYNAMIC_NO_PIC = NO;
				GCC_ENABLE_OBJC_EXCEPTIONS = YES;
				GCC_OPTIMIZATION_LEVEL = 0;
				GCC_PREPROCESSOR_DEFINITIONS = (
					"DEBUG=1",
					"$(inherited)",
				);
				GCC_SYMBOLS_PRIVATE_EXTERN = NO;
				GCC_VERSION = com.apple.compilers.llvm.clang.1_0;
				GCC_WARN_64_TO_32_BIT_CONVERSION = YES;
				GCC_WARN_ABOUT_MISSING_PROTOTYPES = YES;
				GCC_WARN_ABOUT_RETURN_TYPE = YES;
				GCC_WARN_UNUSED_VARIABLE = YES;
				MACOSX_DEPLOYMENT_TARGET = 10.7;
				ONLY_ACTIVE_ARCH = YES;
				SDKROOT = macosx;
			};
			name = Debug;
		};
		316CB7A4148ABC9A0061F45E /* Release */ = {
			isa = XCBuildConfiguration;
			buildSettings = {
				ALWAYS_SEARCH_USER_PATHS = NO;
				ARCHS = "$(ARCHS_STANDARD_64_BIT)";
				COPY_PHASE_STRIP = YES;
				DEBUG_INFORMATION_FORMAT = "dwarf-with-dsym";
				GCC_C_LANGUAGE_STANDARD = gnu99;
				GCC_ENABLE_OBJC_EXCEPTIONS = YES;
				GCC_VERSION = com.apple.compilers.llvm.clang.1_0;
				GCC_WARN_64_TO_32_BIT_CONVERSION = YES;
				GCC_WARN_ABOUT_MISSING_PROTOTYPES = YES;
				GCC_WARN_ABOUT_RETURN_TYPE = YES;
				GCC_WARN_UNUSED_VARIABLE = YES;
				MACOSX_DEPLOYMENT_TARGET = 10.7;
				SDKROOT = macosx;
			};
			name = Release;
		};
		316CB7A6148ABC9A0061F45E /* Debug */ = {
			isa = XCBuildConfiguration;
			buildSettings = {
				GCC_PRECOMPILE_PREFIX_HEADER = YES;
				GCC_PREFIX_HEADER = "FlyingIconsShell/FlyingIconsShell-Prefix.pch";
				INFOPLIST_FILE = "FlyingIconsShell/FlyingIconsShell-Info.plist";
				PRODUCT_NAME = "$(TARGET_NAME)";
				WRAPPER_EXTENSION = app;
			};
			name = Debug;
		};
		316CB7A7148ABC9A0061F45E /* Release */ = {
			isa = XCBuildConfiguration;
			buildSettings = {
				GCC_PRECOMPILE_PREFIX_HEADER = YES;
				GCC_PREFIX_HEADER = "FlyingIconsShell/FlyingIconsShell-Prefix.pch";
				INFOPLIST_FILE = "FlyingIconsShell/FlyingIconsShell-Info.plist";
				PRODUCT_NAME = "$(TARGET_NAME)";
				WRAPPER_EXTENSION = app;
			};
			name = Release;
		};
/* End XCBuildConfiguration section */

/* Begin XCConfigurationList section */
		316CB781148ABC990061F45E /* Build configuration list for PBXProject "FlyingIconsShell" */ = {
			isa = XCConfigurationList;
			buildConfigurations = (
				316CB7A3148ABC9A0061F45E /* Debug */,
				316CB7A4148ABC9A0061F45E /* Release */,
			);
			defaultConfigurationIsVisible = 0;
			defaultConfigurationName = Release;
		};
		316CB7A5148ABC9A0061F45E /* Build configuration list for PBXNativeTarget "FlyingIconsShell" */ = {
			isa = XCConfigurationList;
			buildConfigurations = (
				316CB7A6148ABC9A0061F45E /* Debug */,
				316CB7A7148ABC9A0061F45E /* Release */,
			);
			defaultConfigurationIsVisible = 0;
		};
/* End XCConfigurationList section */
	};
	rootObject = 316CB77E148ABC990061F45E /* Project object */;
}
